
Microsoft Visual Studio Solution File, Format Version 12.00
# Visual Studio 15
VisualStudioVersion = 15.0.28307.329
MinimumVisualStudioVersion = 10.0.40219.1
Project("{FAE04EC0-301F-11D3-BF4B-00C04F79EFBC}") = "Task 1", "Task 1\Task 1.csproj", "{0499D59B-6F31-47F9-A31B-AE6C79B9ABAC}"
EndProject
Global
	GlobalSection(SolutionConfigurationPlatforms) = preSolution
		Debug|Any CPU = Debug|Any CPU
		Release|Any CPU = Release|Any CPU
	EndGlobalSection
	GlobalSection(ProjectConfigurationPlatforms) = postSolution
		{0499D59B-6F31-47F9-A31B-AE6C79B9ABAC}.Debug|Any CPU.ActiveCfg = Debug|Any CPU
		{0499D59B-6F31-47F9-A31B-AE6C79B9ABAC}.Debug|Any CPU.Build.0 = Debug|Any CPU
		{0499D59B-6F31-47F9-A31B-AE6C79B9ABAC}.Release|Any CPU.ActiveCfg = Release|Any CPU
		{0499D59B-6F31-47F9-A31B-AE6C79B9ABAC}.Release|Any CPU.Build.0 = Release|Any CPU
	EndGlobalSection
	GlobalSection(SolutionProperties) = preSolution
		HideSolutionNode = FALSE
	EndGlobalSection
	GlobalSection(ExtensibilityGlobals) = postSolution
		SolutionGuid = {012F2B86-487A-4BEB-99AD-83BBF0D41555}
	EndGlobalSection
EndGlobal
