
Microsoft Visual Studio Solution File, Format Version 12.00
# Visual Studio 15
VisualStudioVersion = 15.0.28307.329
MinimumVisualStudioVersion = 10.0.40219.1
Project("{FAE04EC0-301F-11D3-BF4B-00C04F79EFBC}") = "Task 2", "Task 2\Task 2.csproj", "{6FC0932D-55EE-47BA-A316-9E577DA7BA98}"
EndProject
Global
	GlobalSection(SolutionConfigurationPlatforms) = preSolution
		Debug|Any CPU = Debug|Any CPU
		Release|Any CPU = Release|Any CPU
	EndGlobalSection
	GlobalSection(ProjectConfigurationPlatforms) = postSolution
		{6FC0932D-55EE-47BA-A316-9E577DA7BA98}.Debug|Any CPU.ActiveCfg = Debug|Any CPU
		{6FC0932D-55EE-47BA-A316-9E577DA7BA98}.Debug|Any CPU.Build.0 = Debug|Any CPU
		{6FC0932D-55EE-47BA-A316-9E577DA7BA98}.Release|Any CPU.ActiveCfg = Release|Any CPU
		{6FC0932D-55EE-47BA-A316-9E577DA7BA98}.Release|Any CPU.Build.0 = Release|Any CPU
	EndGlobalSection
	GlobalSection(SolutionProperties) = preSolution
		HideSolutionNode = FALSE
	EndGlobalSection
	GlobalSection(ExtensibilityGlobals) = postSolution
		SolutionGuid = {5AE6D418-BD04-4DBF-9EE1-7EB633996893}
	EndGlobalSection
EndGlobal
